PODS:
  - Alamofire (4.7.3)
  - Bagel (1.4.0):
    - CocoaAsyncSocket
  - CocoaAsyncSocket (7.6.5)
  - Cryptanil (0.1.4):
    - Alamofire (~> 4.7)

DEPENDENCIES:
  - Bagel
  - Cryptanil (from `../`)

SPEC REPOS:
  trunk:
    - Alamofire
    - Bagel
    - CocoaAsyncSocket

EXTERNAL SOURCES:
  Cryptanil:
    :path: "../"

SPEC CHECKSUMS:
  Alamofire: c7287b6e5d7da964a70935e5db17046b7fde6568
  Bagel: c3fa6bcbd52db9ca976edbafd7638f0553ded101
  CocoaAsyncSocket: 065fd1e645c7abab64f7a6a2007a48038fdc6a99
  Cryptanil: d967bcbbd1b3b28e5a8fcc89664608c8feed927d

PODFILE CHECKSUM: 830d70e956f0fe6b44f923b875e12af7d836e911

COCOAPODS: 1.11.3
